
Microsoft Visual Studio Solution File, Format Version 12.00
# Visual Studio Version 17
VisualStudioVersion = 17.1.31911.260
MinimumVisualStudioVersion = 10.0.40219.1
Project("{9A19103F-16F7-4668-BE54-9A1E7A4F7556}") = "Dime.Scheduler.CLI", "cli\Dime.Scheduler.CLI.csproj", "{08B64398-BDB7-4491-818B-EBEF8617E7CB}"
EndProject
Project("{FAE04EC0-301F-11D3-BF4B-00C04F79EFBC}") = "Dime.Scheduler.CLI.Tests", "..\Dime.Scheduler.CLI.Tests\Dime.Scheduler.CLI.Tests.csproj", "{D67CBA77-7DF7-4044-B768-EC668A0B787F}"
EndProject
Global
	GlobalSection(SolutionConfigurationPlatforms) = preSolution
		Debug|Any CPU = Debug|Any CPU
		Release|Any CPU = Release|Any CPU
	EndGlobalSection
	GlobalSection(ProjectConfigurationPlatforms) = postSolution
		{08B64398-BDB7-4491-818B-EBEF8617E7CB}.Debug|Any CPU.ActiveCfg = Debug|Any CPU
		{08B64398-BDB7-4491-818B-EBEF8617E7CB}.Debug|Any CPU.Build.0 = Debug|Any CPU
		{08B64398-BDB7-4491-818B-EBEF8617E7CB}.Release|Any CPU.ActiveCfg = Release|Any CPU
		{08B64398-BDB7-4491-818B-EBEF8617E7CB}.Release|Any CPU.Build.0 = Release|Any CPU
		{D67CBA77-7DF7-4044-B768-EC668A0B787F}.Debug|Any CPU.ActiveCfg = Debug|Any CPU
		{D67CBA77-7DF7-4044-B768-EC668A0B787F}.Debug|Any CPU.Build.0 = Debug|Any CPU
		{D67CBA77-7DF7-4044-B768-EC668A0B787F}.Release|Any CPU.ActiveCfg = Release|Any CPU
		{D67CBA77-7DF7-4044-B768-EC668A0B787F}.Release|Any CPU.Build.0 = Release|Any CPU
	EndGlobalSection
	GlobalSection(SolutionProperties) = preSolution
		HideSolutionNode = FALSE
	EndGlobalSection
	GlobalSection(ExtensibilityGlobals) = postSolution
		SolutionGuid = {0C0AE645-11B4-43CF-A4B3-E2467D561625}
	EndGlobalSection
EndGlobal
