
Microsoft Visual Studio Solution File, Format Version 12.00
# Visual Studio Version 16
VisualStudioVersion = 25.0.1700.0
MinimumVisualStudioVersion = 10.0.40219.1
Project("{FAE04EC0-301F-11D3-BF4B-00C04F79EFBC}") = "Dime.Scheduler.CLI", "Dime.Scheduler.CLI.csproj", "{21B23D60-6130-4FFB-9061-756E13DBEC0C}"
EndProject
Global
	GlobalSection(SolutionConfigurationPlatforms) = preSolution
		Debug|Any CPU = Debug|Any CPU
		Release|Any CPU = Release|Any CPU
	EndGlobalSection
	GlobalSection(ProjectConfigurationPlatforms) = postSolution
		{21B23D60-6130-4FFB-9061-756E13DBEC0C}.Debug|Any CPU.ActiveCfg = Debug|Any CPU
		{21B23D60-6130-4FFB-9061-756E13DBEC0C}.Debug|Any CPU.Build.0 = Debug|Any CPU
		{21B23D60-6130-4FFB-9061-756E13DBEC0C}.Release|Any CPU.ActiveCfg = Release|Any CPU
		{21B23D60-6130-4FFB-9061-756E13DBEC0C}.Release|Any CPU.Build.0 = Release|Any CPU
	EndGlobalSection
	GlobalSection(SolutionProperties) = preSolution
		HideSolutionNode = FALSE
	EndGlobalSection
	GlobalSection(ExtensibilityGlobals) = postSolution
		SolutionGuid = {DB9F9338-450D-4941-B13B-D5A330DFECB4}
	EndGlobalSection
EndGlobal
